// !$*UTF8*$!
{
	archiveVersion = 1;
	classes = {
	};
	objectVersion = 46;
	objects = {

/* Begin PBXBuildFile section */
		36ED688C1DBE32FF00554DB3 /* AppDelegate.swift in Sources */ = {isa = PBXBuildFile; fileRef = 36ED688B1DBE32FF00554DB3 /* AppDelegate.swift */; };
		36ED688E1DBE32FF00554DB3 /* ViewController.swift in Sources */ = {isa = PBXBuildFile; fileRef = 36ED688D1DBE32FF00554DB3 /* ViewController.swift */; };
		36ED68911DBE32FF00554DB3 /* Main.storyboard in Resources */ = {isa = PBXBuildFile; fileRef = 36ED688F1DBE32FF00554DB3 /* Main.storyboard */; };
		36ED68931DBE32FF00554DB3 /* Assets.xcassets in Resources */ = {isa = PBXBuildFile; fileRef = 36ED68921DBE32FF00554DB3 /* Assets.xcassets */; };
		36ED68961DBE32FF00554DB3 /* LaunchScreen.storyboard in Resources */ = {isa = PBXBuildFile; fileRef = 36ED68941DBE32FF00554DB3 /* LaunchScreen.storyboard */; };
		36ED68A11DBE32FF00554DB3 /* SmoothPicturesTests.swift in Sources */ = {isa = PBXBuildFile; fileRef = 36ED68A01DBE32FF00554DB3 /* SmoothPicturesTests.swift */; };
		50FBE0F61DBE9DC90017A607 /* ImageDataSource.swift in Sources */ = {isa = PBXBuildFile; fileRef = 50FBE0F51DBE9DC90017A607 /* ImageDataSource.swift */; };
		50FBE0F81DBEA0B50017A607 /* ImageLoader.swift in Sources */ = {isa = PBXBuildFile; fileRef = 50FBE0F71DBEA0B50017A607 /* ImageLoader.swift */; };
		50FBE0FC1DBFE8B60017A607 /* AsyncImageView.swift in Sources */ = {isa = PBXBuildFile; fileRef = 50FBE0F91DBFE8B60017A607 /* AsyncImageView.swift */; };
		50FBE0FD1DBFE8B60017A607 /* ImageCell.swift in Sources */ = {isa = PBXBuildFile; fileRef = 50FBE0FA1DBFE8B60017A607 /* ImageCell.swift */; };
/* End PBXBuildFile section */

/* Begin PBXContainerItemProxy section */
		36ED689D1DBE32FF00554DB3 /* PBXContainerItemProxy */ = {
			isa = PBXContainerItemProxy;
			containerPortal = 36ED68801DBE32FF00554DB3 /* Project object */;
			proxyType = 1;
			remoteGlobalIDString = 36ED68871DBE32FF00554DB3;
			remoteInfo = SmoothPictures;
		};
/* End PBXContainerItemProxy section */

/* Begin PBXFileReference section */
		36ED68881DBE32FF00554DB3 /* SmoothPictures.app */ = {isa = PBXFileReference; explicitFileType = wrapper.application; includeInIndex = 0; path = SmoothPictures.app; sourceTree = BUILT_PRODUCTS_DIR; };
		36ED688B1DBE32FF00554DB3 /* AppDelegate.swift */ = {isa = PBXFileReference; lastKnownFileType = sourcecode.swift; path = AppDelegate.swift; sourceTree = "<group>"; };
		36ED688D1DBE32FF00554DB3 /* ViewController.swift */ = {isa = PBXFileReference; lastKnownFileType = sourcecode.swift; path = ViewController.swift; sourceTree = "<group>"; };
		36ED68901DBE32FF00554DB3 /* Base */ = {isa = PBXFileReference; lastKnownFileType = file.storyboard; name = Base; path = Base.lproj/Main.storyboard; sourceTree = "<group>"; };
		36ED68921DBE32FF00554DB3 /* Assets.xcassets */ = {isa = PBXFileReference; lastKnownFileType = folder.assetcatalog; path = Assets.xcassets; sourceTree = "<group>"; };
		36ED68951DBE32FF00554DB3 /* Base */ = {isa = PBXFileReference; lastKnownFileType = file.storyboard; name = Base; path = Base.lproj/LaunchScreen.storyboard; sourceTree = "<group>"; };
		36ED68971DBE32FF00554DB3 /* Info.plist */ = {isa = PBXFileReference; lastKnownFileType = text.plist.xml; path = Info.plist; sourceTree = "<group>"; };
		36ED689C1DBE32FF00554DB3 /* SmoothPicturesTests.xctest */ = {isa = PBXFileReference; explicitFileType = wrapper.cfbundle; includeInIndex = 0; path = SmoothPicturesTests.xctest; sourceTree = BUILT_PRODUCTS_DIR; };
		36ED68A01DBE32FF00554DB3 /* SmoothPicturesTests.swift */ = {isa = PBXFileReference; lastKnownFileType = sourcecode.swift; path = SmoothPicturesTests.swift; sourceTree = "<group>"; };
		36ED68A21DBE32FF00554DB3 /* Info.plist */ = {isa = PBXFileReference; lastKnownFileType = text.plist.xml; path = Info.plist; sourceTree = "<group>"; };
		50FBE0F51DBE9DC90017A607 /* ImageDataSource.swift */ = {isa = PBXFileReference; fileEncoding = 4; lastKnownFileType = sourcecode.swift; path = ImageDataSource.swift; sourceTree = "<group>"; };
		50FBE0F71DBEA0B50017A607 /* ImageLoader.swift */ = {isa = PBXFileReference; fileEncoding = 4; lastKnownFileType = sourcecode.swift; path = ImageLoader.swift; sourceTree = "<group>"; };
		50FBE0F91DBFE8B60017A607 /* AsyncImageView.swift */ = {isa = PBXFileReference; fileEncoding = 4; lastKnownFileType = sourcecode.swift; path = AsyncImageView.swift; sourceTree = "<group>"; };
		50FBE0FA1DBFE8B60017A607 /* ImageCell.swift */ = {isa = PBXFileReference; fileEncoding = 4; lastKnownFileType = sourcecode.swift; path = ImageCell.swift; sourceTree = "<group>"; };
/* End PBXFileReference section */

/* Begin PBXFrameworksBuildPhase section */
		36ED68851DBE32FF00554DB3 /* Frameworks */ = {
			isa = PBXFrameworksBuildPhase;
			buildActionMask = 2147483647;
			files = (
			);
			runOnlyForDeploymentPostprocessing = 0;
		};
		36ED68991DBE32FF00554DB3 /* Frameworks */ = {
			isa = PBXFrameworksBuildPhase;
			buildActionMask = 2147483647;
			files = (
			);
			runOnlyForDeploymentPostprocessing = 0;
		};
/* End PBXFrameworksBuildPhase section */

/* Begin PBXGroup section */
		36ED687F1DBE32FF00554DB3 = {
			isa = PBXGroup;
			children = (
				36ED688A1DBE32FF00554DB3 /* SmoothPictures */,
				36ED689F1DBE32FF00554DB3 /* SmoothPicturesTests */,
				36ED68891DBE32FF00554DB3 /* Products */,
			);
			sourceTree = "<group>";
		};
		36ED68891DBE32FF00554DB3 /* Products */ = {
			isa = PBXGroup;
			children = (
				36ED68881DBE32FF00554DB3 /* SmoothPictures.app */,
				36ED689C1DBE32FF00554DB3 /* SmoothPicturesTests.xctest */,
			);
			name = Products;
			sourceTree = "<group>";
		};
		36ED688A1DBE32FF00554DB3 /* SmoothPictures */ = {
			isa = PBXGroup;
			children = (
				50FBE0F91DBFE8B60017A607 /* AsyncImageView.swift */,
				50FBE0FA1DBFE8B60017A607 /* ImageCell.swift */,
				36ED688B1DBE32FF00554DB3 /* AppDelegate.swift */,
				36ED688D1DBE32FF00554DB3 /* ViewController.swift */,
				50FBE0F51DBE9DC90017A607 /* ImageDataSource.swift */,
				50FBE0F71DBEA0B50017A607 /* ImageLoader.swift */,
				36ED688F1DBE32FF00554DB3 /* Main.storyboard */,
				36ED68921DBE32FF00554DB3 /* Assets.xcassets */,
				36ED68941DBE32FF00554DB3 /* LaunchScreen.storyboard */,
				36ED68971DBE32FF00554DB3 /* Info.plist */,
			);
			path = SmoothPictures;
			sourceTree = "<group>";
		};
		36ED689F1DBE32FF00554DB3 /* SmoothPicturesTests */ = {
			isa = PBXGroup;
			children = (
				36ED68A01DBE32FF00554DB3 /* SmoothPicturesTests.swift */,
				36ED68A21DBE32FF00554DB3 /* Info.plist */,
			);
			path = SmoothPicturesTests;
			sourceTree = "<group>";
		};
/* End PBXGroup section */

/* Begin PBXNativeTarget section */
		36ED68871DBE32FF00554DB3 /* SmoothPictures */ = {
			isa = PBXNativeTarget;
			buildConfigurationList = 36ED68A51DBE32FF00554DB3 /* Build configuration list for PBXNativeTarget "SmoothPictures" */;
			buildPhases = (
				36ED68841DBE32FF00554DB3 /* Sources */,
				36ED68851DBE32FF00554DB3 /* Frameworks */,
				36ED68861DBE32FF00554DB3 /* Resources */,
			);
			buildRules = (
			);
			dependencies = (
			);
			name = SmoothPictures;
			productName = SmoothPictures;
			productReference = 36ED68881DBE32FF00554DB3 /* SmoothPictures.app */;
			productType = "com.apple.product-type.application";
		};
		36ED689B1DBE32FF00554DB3 /* SmoothPicturesTests */ = {
			isa = PBXNativeTarget;
			buildConfigurationList = 36ED68A81DBE32FF00554DB3 /* Build configuration list for PBXNativeTarget "SmoothPicturesTests" */;
			buildPhases = (
				36ED68981DBE32FF00554DB3 /* Sources */,
				36ED68991DBE32FF00554DB3 /* Frameworks */,
				36ED689A1DBE32FF00554DB3 /* Resources */,
			);
			buildRules = (
			);
			dependencies = (
				36ED689E1DBE32FF00554DB3 /* PBXTargetDependency */,
			);
			name = SmoothPicturesTests;
			productName = SmoothPicturesTests;
			productReference = 36ED689C1DBE32FF00554DB3 /* SmoothPicturesTests.xctest */;
			productType = "com.apple.product-type.bundle.unit-test";
		};
/* End PBXNativeTarget section */

/* Begin PBXProject section */
		36ED68801DBE32FF00554DB3 /* Project object */ = {
			isa = PBXProject;
			attributes = {
				LastSwiftUpdateCheck = 0800;
				LastUpgradeCheck = 0800;
				ORGANIZATIONNAME = O.Ohorbach;
				TargetAttributes = {
					36ED68871DBE32FF00554DB3 = {
						CreatedOnToolsVersion = 8.0;
						DevelopmentTeam = 692292BBJ4;
						ProvisioningStyle = Automatic;
					};
					36ED689B1DBE32FF00554DB3 = {
						CreatedOnToolsVersion = 8.0;
						DevelopmentTeam = CM2Y94S8FE;
						ProvisioningStyle = Automatic;
						TestTargetID = 36ED68871DBE32FF00554DB3;
					};
				};
			};
			buildConfigurationList = 36ED68831DBE32FF00554DB3 /* Build configuration list for PBXProject "SmoothPictures" */;
			compatibilityVersion = "Xcode 3.2";
			developmentRegion = English;
			hasScannedForEncodings = 0;
			knownRegions = (
				en,
				Base,
			);
			mainGroup = 36ED687F1DBE32FF00554DB3;
			productRefGroup = 36ED68891DBE32FF00554DB3 /* Products */;
			projectDirPath = "";
			projectRoot = "";
			targets = (
				36ED68871DBE32FF00554DB3 /* SmoothPictures */,
				36ED689B1DBE32FF00554DB3 /* SmoothPicturesTests */,
			);
		};
/* End PBXProject section */

/* Begin PBXResourcesBuildPhase section */
		36ED68861DBE32FF00554DB3 /* Resources */ = {
			isa = PBXResourcesBuildPhase;
			buildActionMask = 2147483647;
			files = (
				36ED68961DBE32FF00554DB3 /* LaunchScreen.storyboard in Resources */,
				36ED68931DBE32FF00554DB3 /* Assets.xcassets in Resources */,
				36ED68911DBE32FF00554DB3 /* Main.storyboard in Resources */,
			);
			runOnlyForDeploymentPostprocessing = 0;
		};
		36ED689A1DBE32FF00554DB3 /* Resources */ = {
			isa = PBXResourcesBuildPhase;
			buildActionMask = 2147483647;
			files = (
			);
			runOnlyForDeploymentPostprocessing = 0;
		};
/* End PBXResourcesBuildPhase section */

/* Begin PBXSourcesBuildPhase section */
		36ED68841DBE32FF00554DB3 /* Sources */ = {
			isa = PBXSourcesBuildPhase;
			buildActionMask = 2147483647;
			files = (
				36ED688E1DBE32FF00554DB3 /* ViewController.swift in Sources */,
				50FBE0FC1DBFE8B60017A607 /* AsyncImageView.swift in Sources */,
				50FBE0F81DBEA0B50017A607 /* ImageLoader.swift in Sources */,
				50FBE0F61DBE9DC90017A607 /* ImageDataSource.swift in Sources */,
				50FBE0FD1DBFE8B60017A607 /* ImageCell.swift in Sources */,
				36ED688C1DBE32FF00554DB3 /* AppDelegate.swift in Sources */,
			);
			runOnlyForDeploymentPostprocessing = 0;
		};
		36ED68981DBE32FF00554DB3 /* Sources */ = {
			isa = PBXSourcesBuildPhase;
			buildActionMask = 2147483647;
			files = (
				36ED68A11DBE32FF00554DB3 /* SmoothPicturesTests.swift in Sources */,
			);
			runOnlyForDeploymentPostprocessing = 0;
		};
/* End PBXSourcesBuildPhase section */

/* Begin PBXTargetDependency section */
		36ED689E1DBE32FF00554DB3 /* PBXTargetDependency */ = {
			isa = PBXTargetDependency;
			target = 36ED68871DBE32FF00554DB3 /* SmoothPictures */;
			targetProxy = 36ED689D1DBE32FF00554DB3 /* PBXContainerItemProxy */;
		};
/* End PBXTargetDependency section */

/* Begin PBXVariantGroup section */
		36ED688F1DBE32FF00554DB3 /* Main.storyboard */ = {
			isa = PBXVariantGroup;
			children = (
				36ED68901DBE32FF00554DB3 /* Base */,
			);
			name = Main.storyboard;
			sourceTree = "<group>";
		};
		36ED68941DBE32FF00554DB3 /* LaunchScreen.storyboard */ = {
			isa = PBXVariantGroup;
			children = (
				36ED68951DBE32FF00554DB3 /* Base */,
			);
			name = LaunchScreen.storyboard;
			sourceTree = "<group>";
		};
/* End PBXVariantGroup section */

/* Begin XCBuildConfiguration section */
		36ED68A31DBE32FF00554DB3 /* Debug */ = {
			isa = XCBuildConfiguration;
			buildSettings = {
				ALWAYS_SEARCH_USER_PATHS = NO;
				CLANG_ANALYZER_NONNULL = YES;
				CLANG_CXX_LANGUAGE_STANDARD = "gnu++0x";
				CLANG_CXX_LIBRARY = "libc++";
				CLANG_ENABLE_MODULES = YES;
				CLANG_ENABLE_OBJC_ARC = YES;
				CLANG_WARN_BOOL_CONVERSION = YES;
				CLANG_WARN_CONSTANT_CONVERSION = YES;
				CLANG_WARN_DIRECT_OBJC_ISA_USAGE = YES_ERROR;
				CLANG_WARN_DOCUMENTATION_COMMENTS = YES;
				CLANG_WARN_EMPTY_BODY = YES;
				CLANG_WARN_ENUM_CONVERSION = YES;
				CLANG_WARN_INFINITE_RECURSION = YES;
				CLANG_WARN_INT_CONVERSION = YES;
				CLANG_WARN_OBJC_ROOT_CLASS = YES_ERROR;
				CLANG_WARN_SUSPICIOUS_MOVES = YES;
				CLANG_WARN_UNREACHABLE_CODE = YES;
				CLANG_WARN__DUPLICATE_METHOD_MATCH = YES;
				"CODE_SIGN_IDENTITY[sdk=iphoneos*]" = "iPhone Developer";
				COPY_PHASE_STRIP = NO;
				DEBUG_INFORMATION_FORMAT = dwarf;
				ENABLE_STRICT_OBJC_MSGSEND = YES;
				ENABLE_TESTABILITY = YES;
				GCC_C_LANGUAGE_STANDARD = gnu99;
				GCC_DYNAMIC_NO_PIC = NO;
				GCC_NO_COMMON_BLOCKS = YES;
				GCC_OPTIMIZATION_LEVEL = 0;
				GCC_PREPROCESSOR_DEFINITIONS = (
					"DEBUG=1",
					"$(inherited)",
				);
				GCC_WARN_64_TO_32_BIT_CONVERSION = YES;
				GCC_WARN_ABOUT_RETURN_TYPE = YES_ERROR;
				GCC_WARN_UNDECLARED_SELECTOR = YES;
				GCC_WARN_UNINITIALIZED_AUTOS = YES_AGGRESSIVE;
				GCC_WARN_UNUSED_FUNCTION = YES;
				GCC_WARN_UNUSED_VARIABLE = YES;
				IPHONEOS_DEPLOYMENT_TARGET = 10.0;
				MTL_ENABLE_DEBUG_INFO = YES;
				ONLY_ACTIVE_ARCH = YES;
				SDKROOT = iphoneos;
				SWIFT_ACTIVE_COMPILATION_CONDITIONS = DEBUG;
				SWIFT_OPTIMIZATION_LEVEL = "-Onone";
			};
			name = Debug;
		};
		36ED68A41DBE32FF00554DB3 /* Release */ = {
			isa = XCBuildConfiguration;
			buildSettings = {
				ALWAYS_SEARCH_USER_PATHS = NO;
				CLANG_ANALYZER_NONNULL = YES;
				CLANG_CXX_LANGUAGE_STANDARD = "gnu++0x";
				CLANG_CXX_LIBRARY = "libc++";
				CLANG_ENABLE_MODULES = YES;
				CLANG_ENABLE_OBJC_ARC = YES;
				CLANG_WARN_BOOL_CONVERSION = YES;
				CLANG_WARN_CONSTANT_CONVERSION = YES;
				CLANG_WARN_DIRECT_OBJC_ISA_USAGE = YES_ERROR;
				CLANG_WARN_DOCUMENTATION_COMMENTS = YES;
				CLANG_WARN_EMPTY_BODY = YES;
				CLANG_WARN_ENUM_CONVERSION = YES;
				CLANG_WARN_INFINITE_RECURSION = YES;
				CLANG_WARN_INT_CONVERSION = YES;
				CLANG_WARN_OBJC_ROOT_CLASS = YES_ERROR;
				CLANG_WARN_SUSPICIOUS_MOVES = YES;
				CLANG_WARN_UNREACHABLE_CODE = YES;
				CLANG_WARN__DUPLICATE_METHOD_MATCH = YES;
				"CODE_SIGN_IDENTITY[sdk=iphoneos*]" = "iPhone Developer";
				COPY_PHASE_STRIP = NO;
				DEBUG_INFORMATION_FORMAT = "dwarf-with-dsym";
				ENABLE_NS_ASSERTIONS = NO;
				ENABLE_STRICT_OBJC_MSGSEND = YES;
				GCC_C_LANGUAGE_STANDARD = gnu99;
				GCC_NO_COMMON_BLOCKS = YES;
				GCC_WARN_64_TO_32_BIT_CONVERSION = YES;
				GCC_WARN_ABOUT_RETURN_TYPE = YES_ERROR;
				GCC_WARN_UNDECLARED_SELECTOR = YES;
				GCC_WARN_UNINITIALIZED_AUTOS = YES_AGGRESSIVE;
				GCC_WARN_UNUSED_FUNCTION = YES;
				GCC_WARN_UNUSED_VARIABLE = YES;
				IPHONEOS_DEPLOYMENT_TARGET = 10.0;
				MTL_ENABLE_DEBUG_INFO = NO;
				SDKROOT = iphoneos;
				SWIFT_OPTIMIZATION_LEVEL = "-Owholemodule";
				VALIDATE_PRODUCT = YES;
			};
			name = Release;
		};
		36ED68A61DBE32FF00554DB3 /* Debug */ = {
			isa = XCBuildConfiguration;
			buildSettings = {
				ASSETCATALOG_COMPILER_APPICON_NAME = AppIcon;
				DEVELOPMENT_TEAM = 692292BBJ4;
				INFOPLIST_FILE = SmoothPictures/Info.plist;
				LD_RUNPATH_SEARCH_PATHS = "$(inherited) @executable_path/Frameworks";
				PRODUCT_BUNDLE_IDENTIFIER = com.tradenetab.SmoothPictures;
				PRODUCT_NAME = "$(TARGET_NAME)";
				SWIFT_VERSION = 3.0;
			};
			name = Debug;
		};
		36ED68A71DBE32FF00554DB3 /* Release */ = {
			isa = XCBuildConfiguration;
			buildSettings = {
				ASSETCATALOG_COMPILER_APPICON_NAME = AppIcon;
				DEVELOPMENT_TEAM = 692292BBJ4;
				INFOPLIST_FILE = SmoothPictures/Info.plist;
				LD_RUNPATH_SEARCH_PATHS = "$(inherited) @executable_path/Frameworks";
				PRODUCT_BUNDLE_IDENTIFIER = com.tradenetab.SmoothPictures;
				PRODUCT_NAME = "$(TARGET_NAME)";
				SWIFT_VERSION = 3.0;
			};
			name = Release;
		};
		36ED68A91DBE32FF00554DB3 /* Debug */ = {
			isa = XCBuildConfiguration;
			buildSettings = {
				ALWAYS_EMBED_SWIFT_STANDARD_LIBRARIES = YES;
				BUNDLE_LOADER = "$(TEST_HOST)";
				DEVELOPMENT_TEAM = CM2Y94S8FE;
				INFOPLIST_FILE = SmoothPicturesTests/Info.plist;
				LD_RUNPATH_SEARCH_PATHS = "$(inherited) @executable_path/Frameworks @loader_path/Frameworks";
				PRODUCT_BUNDLE_IDENTIFIER = com.tradenetab.SmoothPicturesTests;
				PRODUCT_NAME = "$(TARGET_NAME)";
				SWIFT_VERSION = 3.0;
				TEST_HOST = "$(BUILT_PRODUCTS_DIR)/SmoothPictures.app/SmoothPictures";
			};
			name = Debug;
		};
		36ED68AA1DBE32FF00554DB3 /* Release */ = {
			isa = XCBuildConfiguration;
			buildSettings = {
				ALWAYS_EMBED_SWIFT_STANDARD_LIBRARIES = YES;
				BUNDLE_LOADER = "$(TEST_HOST)";
				DEVELOPMENT_TEAM = CM2Y94S8FE;
				INFOPLIST_FILE = SmoothPicturesTests/Info.plist;
				LD_RUNPATH_SEARCH_PATHS = "$(inherited) @executable_path/Frameworks @loader_path/Frameworks";
				PRODUCT_BUNDLE_IDENTIFIER = com.tradenetab.SmoothPicturesTests;
				PRODUCT_NAME = "$(TARGET_NAME)";
				SWIFT_VERSION = 3.0;
				TEST_HOST = "$(BUILT_PRODUCTS_DIR)/SmoothPictures.app/SmoothPictures";
			};
			name = Release;
		};
/* End XCBuildConfiguration section */

/* Begin XCConfigurationList section */
		36ED68831DBE32FF00554DB3 /* Build configuration list for PBXProject "SmoothPictures" */ = {
			isa = XCConfigurationList;
			buildConfigurations = (
				36ED68A31DBE32FF00554DB3 /* Debug */,
				36ED68A41DBE32FF00554DB3 /* Release */,
			);
			defaultConfigurationIsVisible = 0;
			defaultConfigurationName = Release;
		};
		36ED68A51DBE32FF00554DB3 /* Build configuration list for PBXNativeTarget "SmoothPictures" */ = {
			isa = XCConfigurationList;
			buildConfigurations = (
				36ED68A61DBE32FF00554DB3 /* Debug */,
				36ED68A71DBE32FF00554DB3 /* Release */,
			);
			defaultConfigurationIsVisible = 0;
			defaultConfigurationName = Release;
		};
		36ED68A81DBE32FF00554DB3 /* Build configuration list for PBXNativeTarget "SmoothPicturesTests" */ = {
			isa = XCConfigurationList;
			buildConfigurations = (
				36ED68A91DBE32FF00554DB3 /* Debug */,
				36ED68AA1DBE32FF00554DB3 /* Release */,
			);
			defaultConfigurationIsVisible = 0;
			defaultConfigurationName = Release;
		};
/* End XCConfigurationList section */
	};
	rootObject = 36ED68801DBE32FF00554DB3 /* Project object */;
}
